
Microsoft Visual Studio Solution File, Format Version 12.00
# Visual Studio 15
VisualStudioVersion = 15.0.28307.705
MinimumVisualStudioVersion = 10.0.40219.1
Project("{8BC9CEB8-8B4A-11D0-8D11-00A0C91BC942}") = "ConsoleApplication45", "ConsoleApplication45\ConsoleApplication45.vcxproj", "{22487949-AAE9-4341-B6BE-05C08BE4FC9B}"
EndProject
Global
	GlobalSection(SolutionConfigurationPlatforms) = preSolution
		Debug|x64 = Debug|x64
		Debug|x86 = Debug|x86
		Release|x64 = Release|x64
		Release|x86 = Release|x86
	EndGlobalSection
	GlobalSection(ProjectConfigurationPlatforms) = postSolution
		{22487949-AAE9-4341-B6BE-05C08BE4FC9B}.Debug|x64.ActiveCfg = Debug|x64
		{22487949-AAE9-4341-B6BE-05C08BE4FC9B}.Debug|x64.Build.0 = Debug|x64
		{22487949-AAE9-4341-B6BE-05C08BE4FC9B}.Debug|x86.ActiveCfg = Debug|Win32
		{22487949-AAE9-4341-B6BE-05C08BE4FC9B}.Debug|x86.Build.0 = Debug|Win32
		{22487949-AAE9-4341-B6BE-05C08BE4FC9B}.Release|x64.ActiveCfg = Release|x64
		{22487949-AAE9-4341-B6BE-05C08BE4FC9B}.Release|x64.Build.0 = Release|x64
		{22487949-AAE9-4341-B6BE-05C08BE4FC9B}.Release|x86.ActiveCfg = Release|Win32
		{22487949-AAE9-4341-B6BE-05C08BE4FC9B}.Release|x86.Build.0 = Release|Win32
	EndGlobalSection
	GlobalSection(SolutionProperties) = preSolution
		HideSolutionNode = FALSE
	EndGlobalSection
	GlobalSection(ExtensibilityGlobals) = postSolution
		SolutionGuid = {B4FC662E-9BAE-43B0-9058-2F7B710E9FB5}
	EndGlobalSection
EndGlobal
